// !$*UTF8*$!
{
	archiveVersion = 1;
	classes = {
	};
	objectVersion = 50;
	objects = {

/* Begin PBXBuildFile section */
		280E930E221E57B80015F949 /* AppDelegate.swift in Sources */ = {isa = PBXBuildFile; fileRef = 280E930D221E57B80015F949 /* AppDelegate.swift */; };
		280E9310221E57B80015F949 /* art.scnassets in Resources */ = {isa = PBXBuildFile; fileRef = 280E930F221E57B80015F949 /* art.scnassets */; };
		280E9312221E57B80015F949 /* StencilViewController.swift in Sources */ = {isa = PBXBuildFile; fileRef = 280E9311221E57B80015F949 /* StencilViewController.swift */; };
		280E9315221E57B80015F949 /* Main.storyboard in Resources */ = {isa = PBXBuildFile; fileRef = 280E9313221E57B80015F949 /* Main.storyboard */; };
		280E9317221E57BF0015F949 /* Assets.xcassets in Resources */ = {isa = PBXBuildFile; fileRef = 280E9316221E57BF0015F949 /* Assets.xcassets */; };
		280E931A221E57BF0015F949 /* LaunchScreen.storyboard in Resources */ = {isa = PBXBuildFile; fileRef = 280E9318221E57BF0015F949 /* LaunchScreen.storyboard */; };
		732840A3222797BC00A52458 /* Plane.swift in Sources */ = {isa = PBXBuildFile; fileRef = 732840A2222797BC00A52458 /* Plane.swift */; };
		732840AB222799C200A52458 /* Assets.scnassets in Resources */ = {isa = PBXBuildFile; fileRef = 732840AA222799C200A52458 /* Assets.scnassets */; };
/* End PBXBuildFile section */

/* Begin PBXFileReference section */
		280E930A221E57B80015F949 /* SARS.app */ = {isa = PBXFileReference; explicitFileType = wrapper.application; includeInIndex = 0; path = SARS.app; sourceTree = BUILT_PRODUCTS_DIR; };
		280E930D221E57B80015F949 /* AppDelegate.swift */ = {isa = PBXFileReference; lastKnownFileType = sourcecode.swift; path = AppDelegate.swift; sourceTree = "<group>"; };
		280E930F221E57B80015F949 /* art.scnassets */ = {isa = PBXFileReference; lastKnownFileType = wrapper.scnassets; path = art.scnassets; sourceTree = "<group>"; };
		280E9311221E57B80015F949 /* StencilViewController.swift */ = {isa = PBXFileReference; lastKnownFileType = sourcecode.swift; path = StencilViewController.swift; sourceTree = "<group>"; };
		280E9314221E57B80015F949 /* Base */ = {isa = PBXFileReference; lastKnownFileType = file.storyboard; name = Base; path = Base.lproj/Main.storyboard; sourceTree = "<group>"; };
		280E9316221E57BF0015F949 /* Assets.xcassets */ = {isa = PBXFileReference; lastKnownFileType = folder.assetcatalog; path = Assets.xcassets; sourceTree = "<group>"; };
		280E9319221E57BF0015F949 /* Base */ = {isa = PBXFileReference; lastKnownFileType = file.storyboard; name = Base; path = Base.lproj/LaunchScreen.storyboard; sourceTree = "<group>"; };
		280E931B221E57BF0015F949 /* Info.plist */ = {isa = PBXFileReference; lastKnownFileType = text.plist.xml; path = Info.plist; sourceTree = "<group>"; };
		732840A2222797BC00A52458 /* Plane.swift */ = {isa = PBXFileReference; fileEncoding = 4; lastKnownFileType = sourcecode.swift; path = Plane.swift; sourceTree = "<group>"; };
		732840AA222799C200A52458 /* Assets.scnassets */ = {isa = PBXFileReference; lastKnownFileType = wrapper.scnassets; path = Assets.scnassets; sourceTree = "<group>"; };
/* End PBXFileReference section */

/* Begin PBXFrameworksBuildPhase section */
		280E9307221E57B80015F949 /* Frameworks */ = {
			isa = PBXFrameworksBuildPhase;
			buildActionMask = 2147483647;
			files = (
			);
			runOnlyForDeploymentPostprocessing = 0;
		};
/* End PBXFrameworksBuildPhase section */

/* Begin PBXGroup section */
		280E9301221E57B80015F949 = {
			isa = PBXGroup;
			children = (
				280E930C221E57B80015F949 /* SARS */,
				280E930B221E57B80015F949 /* Products */,
			);
			sourceTree = "<group>";
		};
		280E930B221E57B80015F949 /* Products */ = {
			isa = PBXGroup;
			children = (
				280E930A221E57B80015F949 /* SARS.app */,
			);
			name = Products;
			sourceTree = "<group>";
		};
		280E930C221E57B80015F949 /* SARS */ = {
			isa = PBXGroup;
			children = (
				280E930D221E57B80015F949 /* AppDelegate.swift */,
				280E930F221E57B80015F949 /* art.scnassets */,
				280E9311221E57B80015F949 /* StencilViewController.swift */,
				732840A2222797BC00A52458 /* Plane.swift */,
				280E9313221E57B80015F949 /* Main.storyboard */,
				280E9316221E57BF0015F949 /* Assets.xcassets */,
				280E9318221E57BF0015F949 /* LaunchScreen.storyboard */,
				280E931B221E57BF0015F949 /* Info.plist */,
				732840AA222799C200A52458 /* Assets.scnassets */,
			);
			path = SARS;
			sourceTree = "<group>";
		};
/* End PBXGroup section */

/* Begin PBXNativeTarget section */
		280E9309221E57B80015F949 /* SARS */ = {
			isa = PBXNativeTarget;
			buildConfigurationList = 280E931E221E57BF0015F949 /* Build configuration list for PBXNativeTarget "SARS" */;
			buildPhases = (
				280E9306221E57B80015F949 /* Sources */,
				280E9307221E57B80015F949 /* Frameworks */,
				280E9308221E57B80015F949 /* Resources */,
			);
			buildRules = (
			);
			dependencies = (
			);
			name = SARS;
			productName = SARS;
			productReference = 280E930A221E57B80015F949 /* SARS.app */;
			productType = "com.apple.product-type.application";
		};
/* End PBXNativeTarget section */

/* Begin PBXProject section */
		280E9302221E57B80015F949 /* Project object */ = {
			isa = PBXProject;
			attributes = {
				LastSwiftUpdateCheck = 1010;
				LastUpgradeCheck = 1010;
				ORGANIZATIONNAME = "Neil Sonnenberg";
				TargetAttributes = {
					280E9309221E57B80015F949 = {
						CreatedOnToolsVersion = 10.1;
					};
				};
			};
			buildConfigurationList = 280E9305221E57B80015F949 /* Build configuration list for PBXProject "SARS" */;
			compatibilityVersion = "Xcode 9.3";
			developmentRegion = en;
			hasScannedForEncodings = 0;
			knownRegions = (
				en,
				Base,
			);
			mainGroup = 280E9301221E57B80015F949;
			productRefGroup = 280E930B221E57B80015F949 /* Products */;
			projectDirPath = "";
			projectRoot = "";
			targets = (
				280E9309221E57B80015F949 /* SARS */,
			);
		};
/* End PBXProject section */

/* Begin PBXResourcesBuildPhase section */
		280E9308221E57B80015F949 /* Resources */ = {
			isa = PBXResourcesBuildPhase;
			buildActionMask = 2147483647;
			files = (
				732840AB222799C200A52458 /* Assets.scnassets in Resources */,
				280E9310221E57B80015F949 /* art.scnassets in Resources */,
				280E931A221E57BF0015F949 /* LaunchScreen.storyboard in Resources */,
				280E9317221E57BF0015F949 /* Assets.xcassets in Resources */,
				280E9315221E57B80015F949 /* Main.storyboard in Resources */,
			);
			runOnlyForDeploymentPostprocessing = 0;
		};
/* End PBXResourcesBuildPhase section */

/* Begin PBXSourcesBuildPhase section */
		280E9306221E57B80015F949 /* Sources */ = {
			isa = PBXSourcesBuildPhase;
			buildActionMask = 2147483647;
			files = (
				280E9312221E57B80015F949 /* StencilViewController.swift in Sources */,
				732840A3222797BC00A52458 /* Plane.swift in Sources */,
				280E930E221E57B80015F949 /* AppDelegate.swift in Sources */,
			);
			runOnlyForDeploymentPostprocessing = 0;
		};
/* End PBXSourcesBuildPhase section */

/* Begin PBXVariantGroup section */
		280E9313221E57B80015F949 /* Main.storyboard */ = {
			isa = PBXVariantGroup;
			children = (
				280E9314221E57B80015F949 /* Base */,
			);
			name = Main.storyboard;
			sourceTree = "<group>";
		};
		280E9318221E57BF0015F949 /* LaunchScreen.storyboard */ = {
			isa = PBXVariantGroup;
			children = (
				280E9319221E57BF0015F949 /* Base */,
			);
			name = LaunchScreen.storyboard;
			sourceTree = "<group>";
		};
/* End PBXVariantGroup section */

/* Begin XCBuildConfiguration section */
		280E931C221E57BF0015F949 /* Debug */ = {
			isa = XCBuildConfiguration;
			buildSettings = {
				ALWAYS_SEARCH_USER_PATHS = NO;
				CLANG_ANALYZER_NONNULL = YES;
				CLANG_ANALYZER_NUMBER_OBJECT_CONVERSION = YES_AGGRESSIVE;
				CLANG_CXX_LANGUAGE_STANDARD = "gnu++14";
				CLANG_CXX_LIBRARY = "libc++";
				CLANG_ENABLE_MODULES = YES;
				CLANG_ENABLE_OBJC_ARC = YES;
				CLANG_ENABLE_OBJC_WEAK = YES;
				CLANG_WARN_BLOCK_CAPTURE_AUTORELEASING = YES;
				CLANG_WARN_BOOL_CONVERSION = YES;
				CLANG_WARN_COMMA = YES;
				CLANG_WARN_CONSTANT_CONVERSION = YES;
				CLANG_WARN_DEPRECATED_OBJC_IMPLEMENTATIONS = YES;
				CLANG_WARN_DIRECT_OBJC_ISA_USAGE = YES_ERROR;
				CLANG_WARN_DOCUMENTATION_COMMENTS = YES;
				CLANG_WARN_EMPTY_BODY = YES;
				CLANG_WARN_ENUM_CONVERSION = YES;
				CLANG_WARN_INFINITE_RECURSION = YES;
				CLANG_WARN_INT_CONVERSION = YES;
				CLANG_WARN_NON_LITERAL_NULL_CONVERSION = YES;
				CLANG_WARN_OBJC_IMPLICIT_RETAIN_SELF = YES;
				CLANG_WARN_OBJC_LITERAL_CONVERSION = YES;
				CLANG_WARN_OBJC_ROOT_CLASS = YES_ERROR;
				CLANG_WARN_RANGE_LOOP_ANALYSIS = YES;
				CLANG_WARN_STRICT_PROTOTYPES = YES;
				CLANG_WARN_SUSPICIOUS_MOVE = YES;
				CLANG_WARN_UNGUARDED_AVAILABILITY = YES_AGGRESSIVE;
				CLANG_WARN_UNREACHABLE_CODE = YES;
				CLANG_WARN__DUPLICATE_METHOD_MATCH = YES;
				CODE_SIGN_IDENTITY = "iPhone Developer";
				COPY_PHASE_STRIP = NO;
				DEBUG_INFORMATION_FORMAT = dwarf;
				ENABLE_STRICT_OBJC_MSGSEND = YES;
				ENABLE_TESTABILITY = YES;
				GCC_C_LANGUAGE_STANDARD = gnu11;
				GCC_DYNAMIC_NO_PIC = NO;
				GCC_NO_COMMON_BLOCKS = YES;
				GCC_OPTIMIZATION_LEVEL = 0;
				GCC_PREPROCESSOR_DEFINITIONS = (
					"DEBUG=1",
					"$(inherited)",
				);
				GCC_WARN_64_TO_32_BIT_CONVERSION = YES;
				GCC_WARN_ABOUT_RETURN_TYPE = YES_ERROR;
				GCC_WARN_UNDECLARED_SELECTOR = YES;
				GCC_WARN_UNINITIALIZED_AUTOS = YES_AGGRESSIVE;
				GCC_WARN_UNUSED_FUNCTION = YES;
				GCC_WARN_UNUSED_VARIABLE = YES;
				IPHONEOS_DEPLOYMENT_TARGET = 12.1;
				MTL_ENABLE_DEBUG_INFO = INCLUDE_SOURCE;
				MTL_FAST_MATH = YES;
				ONLY_ACTIVE_ARCH = YES;
				SDKROOT = iphoneos;
				SWIFT_ACTIVE_COMPILATION_CONDITIONS = DEBUG;
				SWIFT_OPTIMIZATION_LEVEL = "-Onone";
			};
			name = Debug;
		};
		280E931D221E57BF0015F949 /* Release */ = {
			isa = XCBuildConfiguration;
			buildSettings = {
				ALWAYS_SEARCH_USER_PATHS = NO;
				CLANG_ANALYZER_NONNULL = YES;
				CLANG_ANALYZER_NUMBER_OBJECT_CONVERSION = YES_AGGRESSIVE;
				CLANG_CXX_LANGUAGE_STANDARD = "gnu++14";
				CLANG_CXX_LIBRARY = "libc++";
				CLANG_ENABLE_MODULES = YES;
				CLANG_ENABLE_OBJC_ARC = YES;
				CLANG_ENABLE_OBJC_WEAK = YES;
				CLANG_WARN_BLOCK_CAPTURE_AUTORELEASING = YES;
				CLANG_WARN_BOOL_CONVERSION = YES;
				CLANG_WARN_COMMA = YES;
				CLANG_WARN_CONSTANT_CONVERSION = YES;
				CLANG_WARN_DEPRECATED_OBJC_IMPLEMENTATIONS = YES;
				CLANG_WARN_DIRECT_OBJC_ISA_USAGE = YES_ERROR;
				CLANG_WARN_DOCUMENTATION_COMMENTS = YES;
				CLANG_WARN_EMPTY_BODY = YES;
				CLANG_WARN_ENUM_CONVERSION = YES;
				CLANG_WARN_INFINITE_RECURSION = YES;
				CLANG_WARN_INT_CONVERSION = YES;
				CLANG_WARN_NON_LITERAL_NULL_CONVERSION = YES;
				CLANG_WARN_OBJC_IMPLICIT_RETAIN_SELF = YES;
				CLANG_WARN_OBJC_LITERAL_CONVERSION = YES;
				CLANG_WARN_OBJC_ROOT_CLASS = YES_ERROR;
				CLANG_WARN_RANGE_LOOP_ANALYSIS = YES;
				CLANG_WARN_STRICT_PROTOTYPES = YES;
				CLANG_WARN_SUSPICIOUS_MOVE = YES;
				CLANG_WARN_UNGUARDED_AVAILABILITY = YES_AGGRESSIVE;
				CLANG_WARN_UNREACHABLE_CODE = YES;
				CLANG_WARN__DUPLICATE_METHOD_MATCH = YES;
				CODE_SIGN_IDENTITY = "iPhone Developer";
				COPY_PHASE_STRIP = NO;
				DEBUG_INFORMATION_FORMAT = "dwarf-with-dsym";
				ENABLE_NS_ASSERTIONS = NO;
				ENABLE_STRICT_OBJC_MSGSEND = YES;
				GCC_C_LANGUAGE_STANDARD = gnu11;
				GCC_NO_COMMON_BLOCKS = YES;
				GCC_WARN_64_TO_32_BIT_CONVERSION = YES;
				GCC_WARN_ABOUT_RETURN_TYPE = YES_ERROR;
				GCC_WARN_UNDECLARED_SELECTOR = YES;
				GCC_WARN_UNINITIALIZED_AUTOS = YES_AGGRESSIVE;
				GCC_WARN_UNUSED_FUNCTION = YES;
				GCC_WARN_UNUSED_VARIABLE = YES;
				IPHONEOS_DEPLOYMENT_TARGET = 12.1;
				MTL_ENABLE_DEBUG_INFO = NO;
				MTL_FAST_MATH = YES;
				SDKROOT = iphoneos;
				SWIFT_COMPILATION_MODE = wholemodule;
				SWIFT_OPTIMIZATION_LEVEL = "-O";
				VALIDATE_PRODUCT = YES;
			};
			name = Release;
		};
		280E931F221E57BF0015F949 /* Debug */ = {
			isa = XCBuildConfiguration;
			buildSettings = {
				ASSETCATALOG_COMPILER_APPICON_NAME = AppIcon;
				CODE_SIGN_IDENTITY = "iPhone Developer";
				CODE_SIGN_STYLE = Automatic;
				DEVELOPMENT_TEAM = L6KCF3P2F4;
				INFOPLIST_FILE = SARS/Info.plist;
				LD_RUNPATH_SEARCH_PATHS = (
					"$(inherited)",
					"@executable_path/Frameworks",
				);
				PRODUCT_BUNDLE_IDENTIFIER = com.ucla.SARS;
				PRODUCT_NAME = "$(TARGET_NAME)";
				PROVISIONING_PROFILE_SPECIFIER = "";
				SWIFT_VERSION = 4.2;
				TARGETED_DEVICE_FAMILY = "1,2";
			};
			name = Debug;
		};
		280E9320221E57BF0015F949 /* Release */ = {
			isa = XCBuildConfiguration;
			buildSettings = {
				ASSETCATALOG_COMPILER_APPICON_NAME = AppIcon;
				CODE_SIGN_IDENTITY = "iPhone Developer";
				CODE_SIGN_STYLE = Automatic;
				DEVELOPMENT_TEAM = L6KCF3P2F4;
				INFOPLIST_FILE = SARS/Info.plist;
				LD_RUNPATH_SEARCH_PATHS = (
					"$(inherited)",
					"@executable_path/Frameworks",
				);
				PRODUCT_BUNDLE_IDENTIFIER = com.ucla.SARS;
				PRODUCT_NAME = "$(TARGET_NAME)";
				PROVISIONING_PROFILE_SPECIFIER = "";
				SWIFT_VERSION = 4.2;
				TARGETED_DEVICE_FAMILY = "1,2";
			};
			name = Release;
		};
/* End XCBuildConfiguration section */

/* Begin XCConfigurationList section */
		280E9305221E57B80015F949 /* Build configuration list for PBXProject "SARS" */ = {
			isa = XCConfigurationList;
			buildConfigurations = (
				280E931C221E57BF0015F949 /* Debug */,
				280E931D221E57BF0015F949 /* Release */,
			);
			defaultConfigurationIsVisible = 0;
			defaultConfigurationName = Release;
		};
		280E931E221E57BF0015F949 /* Build configuration list for PBXNativeTarget "SARS" */ = {
			isa = XCConfigurationList;
			buildConfigurations = (
				280E931F221E57BF0015F949 /* Debug */,
				280E9320221E57BF0015F949 /* Release */,
			);
			defaultConfigurationIsVisible = 0;
			defaultConfigurationName = Release;
		};
/* End XCConfigurationList section */
	};
	rootObject = 280E9302221E57B80015F949 /* Project object */;
}
