// !$*UTF8*$!
{
	archiveVersion = 1;
	classes = {
	};
	objectVersion = 50;
	objects = {

/* Begin PBXBuildFile section */
		285DA572222788EE00E2A380 /* AppDelegate.swift in Sources */ = {isa = PBXBuildFile; fileRef = 285DA571222788EE00E2A380 /* AppDelegate.swift */; };
		285DA574222788EE00E2A380 /* ViewController.swift in Sources */ = {isa = PBXBuildFile; fileRef = 285DA573222788EE00E2A380 /* ViewController.swift */; };
		285DA577222788EE00E2A380 /* Main.storyboard in Resources */ = {isa = PBXBuildFile; fileRef = 285DA575222788EE00E2A380 /* Main.storyboard */; };
		285DA579222788F000E2A380 /* Assets.xcassets in Resources */ = {isa = PBXBuildFile; fileRef = 285DA578222788F000E2A380 /* Assets.xcassets */; };
		285DA57C222788F000E2A380 /* LaunchScreen.storyboard in Resources */ = {isa = PBXBuildFile; fileRef = 285DA57A222788F000E2A380 /* LaunchScreen.storyboard */; };
		903C372422386F9600AE7B50 /* pencil.png in Resources */ = {isa = PBXBuildFile; fileRef = 903C372322386F9600AE7B50 /* pencil.png */; };
		903C3726223876F300AE7B50 /* LaunchScreenController.swift in Sources */ = {isa = PBXBuildFile; fileRef = 903C3725223876F300AE7B50 /* LaunchScreenController.swift */; };
		904D0BB02230C8A400A0969D /* spray.jpeg in Resources */ = {isa = PBXBuildFile; fileRef = 904D0BAD2230C8A400A0969D /* spray.jpeg */; };
		904D0BB12230C8A400A0969D /* logo.png in Resources */ = {isa = PBXBuildFile; fileRef = 904D0BAE2230C8A400A0969D /* logo.png */; };
/* End PBXBuildFile section */

/* Begin PBXFileReference section */
		285DA56E222788EE00E2A380 /* UI Development for SARS.app */ = {isa = PBXFileReference; explicitFileType = wrapper.application; includeInIndex = 0; path = "UI Development for SARS.app"; sourceTree = BUILT_PRODUCTS_DIR; };
		285DA571222788EE00E2A380 /* AppDelegate.swift */ = {isa = PBXFileReference; lastKnownFileType = sourcecode.swift; path = AppDelegate.swift; sourceTree = "<group>"; };
		285DA573222788EE00E2A380 /* ViewController.swift */ = {isa = PBXFileReference; lastKnownFileType = sourcecode.swift; path = ViewController.swift; sourceTree = "<group>"; };
		285DA576222788EE00E2A380 /* Base */ = {isa = PBXFileReference; lastKnownFileType = file.storyboard; name = Base; path = Base.lproj/Main.storyboard; sourceTree = "<group>"; };
		285DA578222788F000E2A380 /* Assets.xcassets */ = {isa = PBXFileReference; lastKnownFileType = folder.assetcatalog; path = Assets.xcassets; sourceTree = "<group>"; };
		285DA57B222788F000E2A380 /* Base */ = {isa = PBXFileReference; lastKnownFileType = file.storyboard; name = Base; path = Base.lproj/LaunchScreen.storyboard; sourceTree = "<group>"; };
		285DA57D222788F000E2A380 /* Info.plist */ = {isa = PBXFileReference; lastKnownFileType = text.plist.xml; path = Info.plist; sourceTree = "<group>"; };
		903C372322386F9600AE7B50 /* pencil.png */ = {isa = PBXFileReference; lastKnownFileType = image.png; name = pencil.png; path = Assets.xcassets/pencil.png; sourceTree = "<group>"; };
		903C3725223876F300AE7B50 /* LaunchScreenController.swift */ = {isa = PBXFileReference; lastKnownFileType = sourcecode.swift; path = LaunchScreenController.swift; sourceTree = "<group>"; };
		904D0BAD2230C8A400A0969D /* spray.jpeg */ = {isa = PBXFileReference; lastKnownFileType = image.jpeg; name = spray.jpeg; path = Assets.xcassets/spray.jpeg; sourceTree = "<group>"; };
		904D0BAE2230C8A400A0969D /* logo.png */ = {isa = PBXFileReference; lastKnownFileType = image.png; name = logo.png; path = Assets.xcassets/logo.png; sourceTree = "<group>"; };
/* End PBXFileReference section */

/* Begin PBXFrameworksBuildPhase section */
		285DA56B222788EE00E2A380 /* Frameworks */ = {
			isa = PBXFrameworksBuildPhase;
			buildActionMask = 2147483647;
			files = (
			);
			runOnlyForDeploymentPostprocessing = 0;
		};
/* End PBXFrameworksBuildPhase section */

/* Begin PBXGroup section */
		285DA565222788EE00E2A380 = {
			isa = PBXGroup;
			children = (
				285DA570222788EE00E2A380 /* UI Development for SARS */,
				285DA56F222788EE00E2A380 /* Products */,
			);
			sourceTree = "<group>";
		};
		285DA56F222788EE00E2A380 /* Products */ = {
			isa = PBXGroup;
			children = (
				285DA56E222788EE00E2A380 /* UI Development for SARS.app */,
			);
			name = Products;
			sourceTree = "<group>";
		};
		285DA570222788EE00E2A380 /* UI Development for SARS */ = {
			isa = PBXGroup;
			children = (
				903C372322386F9600AE7B50 /* pencil.png */,
				285DA571222788EE00E2A380 /* AppDelegate.swift */,
				285DA573222788EE00E2A380 /* ViewController.swift */,
				285DA575222788EE00E2A380 /* Main.storyboard */,
				904D0BAD2230C8A400A0969D /* spray.jpeg */,
				904D0BAE2230C8A400A0969D /* logo.png */,
				285DA578222788F000E2A380 /* Assets.xcassets */,
				285DA57A222788F000E2A380 /* LaunchScreen.storyboard */,
				285DA57D222788F000E2A380 /* Info.plist */,
				903C3725223876F300AE7B50 /* LaunchScreenController.swift */,
			);
			path = "UI Development for SARS";
			sourceTree = "<group>";
		};
/* End PBXGroup section */

/* Begin PBXNativeTarget section */
		285DA56D222788EE00E2A380 /* UI Development for SARS */ = {
			isa = PBXNativeTarget;
			buildConfigurationList = 285DA580222788F000E2A380 /* Build configuration list for PBXNativeTarget "UI Development for SARS" */;
			buildPhases = (
				285DA56A222788EE00E2A380 /* Sources */,
				285DA56B222788EE00E2A380 /* Frameworks */,
				285DA56C222788EE00E2A380 /* Resources */,
			);
			buildRules = (
			);
			dependencies = (
			);
			name = "UI Development for SARS";
			productName = "UI Development for SARS";
			productReference = 285DA56E222788EE00E2A380 /* UI Development for SARS.app */;
			productType = "com.apple.product-type.application";
		};
/* End PBXNativeTarget section */

/* Begin PBXProject section */
		285DA566222788EE00E2A380 /* Project object */ = {
			isa = PBXProject;
			attributes = {
				LastSwiftUpdateCheck = 1010;
				LastUpgradeCheck = 1010;
				ORGANIZATIONNAME = "Neil Sonnenberg";
				TargetAttributes = {
					285DA56D222788EE00E2A380 = {
						CreatedOnToolsVersion = 10.1;
					};
				};
			};
			buildConfigurationList = 285DA569222788EE00E2A380 /* Build configuration list for PBXProject "UI Development for SARS" */;
			compatibilityVersion = "Xcode 9.3";
			developmentRegion = en;
			hasScannedForEncodings = 0;
			knownRegions = (
				en,
				Base,
			);
			mainGroup = 285DA565222788EE00E2A380;
			productRefGroup = 285DA56F222788EE00E2A380 /* Products */;
			projectDirPath = "";
			projectRoot = "";
			targets = (
				285DA56D222788EE00E2A380 /* UI Development for SARS */,
			);
		};
/* End PBXProject section */

/* Begin PBXResourcesBuildPhase section */
		285DA56C222788EE00E2A380 /* Resources */ = {
			isa = PBXResourcesBuildPhase;
			buildActionMask = 2147483647;
			files = (
				903C372422386F9600AE7B50 /* pencil.png in Resources */,
				285DA57C222788F000E2A380 /* LaunchScreen.storyboard in Resources */,
				904D0BB12230C8A400A0969D /* logo.png in Resources */,
				285DA579222788F000E2A380 /* Assets.xcassets in Resources */,
				285DA577222788EE00E2A380 /* Main.storyboard in Resources */,
				904D0BB02230C8A400A0969D /* spray.jpeg in Resources */,
			);
			runOnlyForDeploymentPostprocessing = 0;
		};
/* End PBXResourcesBuildPhase section */

/* Begin PBXSourcesBuildPhase section */
		285DA56A222788EE00E2A380 /* Sources */ = {
			isa = PBXSourcesBuildPhase;
			buildActionMask = 2147483647;
			files = (
				903C3726223876F300AE7B50 /* LaunchScreenController.swift in Sources */,
				285DA574222788EE00E2A380 /* ViewController.swift in Sources */,
				285DA572222788EE00E2A380 /* AppDelegate.swift in Sources */,
			);
			runOnlyForDeploymentPostprocessing = 0;
		};
/* End PBXSourcesBuildPhase section */

/* Begin PBXVariantGroup section */
		285DA575222788EE00E2A380 /* Main.storyboard */ = {
			isa = PBXVariantGroup;
			children = (
				285DA576222788EE00E2A380 /* Base */,
			);
			name = Main.storyboard;
			sourceTree = "<group>";
		};
		285DA57A222788F000E2A380 /* LaunchScreen.storyboard */ = {
			isa = PBXVariantGroup;
			children = (
				285DA57B222788F000E2A380 /* Base */,
			);
			name = LaunchScreen.storyboard;
			sourceTree = "<group>";
		};
/* End PBXVariantGroup section */

/* Begin XCBuildConfiguration section */
		285DA57E222788F000E2A380 /* Debug */ = {
			isa = XCBuildConfiguration;
			buildSettings = {
				ALWAYS_SEARCH_USER_PATHS = NO;
				CLANG_ANALYZER_NONNULL = YES;
				CLANG_ANALYZER_NUMBER_OBJECT_CONVERSION = YES_AGGRESSIVE;
				CLANG_CXX_LANGUAGE_STANDARD = "gnu++14";
				CLANG_CXX_LIBRARY = "libc++";
				CLANG_ENABLE_MODULES = YES;
				CLANG_ENABLE_OBJC_ARC = YES;
				CLANG_ENABLE_OBJC_WEAK = YES;
				CLANG_WARN_BLOCK_CAPTURE_AUTORELEASING = YES;
				CLANG_WARN_BOOL_CONVERSION = YES;
				CLANG_WARN_COMMA = YES;
				CLANG_WARN_CONSTANT_CONVERSION = YES;
				CLANG_WARN_DEPRECATED_OBJC_IMPLEMENTATIONS = YES;
				CLANG_WARN_DIRECT_OBJC_ISA_USAGE = YES_ERROR;
				CLANG_WARN_DOCUMENTATION_COMMENTS = YES;
				CLANG_WARN_EMPTY_BODY = YES;
				CLANG_WARN_ENUM_CONVERSION = YES;
				CLANG_WARN_INFINITE_RECURSION = YES;
				CLANG_WARN_INT_CONVERSION = YES;
				CLANG_WARN_NON_LITERAL_NULL_CONVERSION = YES;
				CLANG_WARN_OBJC_IMPLICIT_RETAIN_SELF = YES;
				CLANG_WARN_OBJC_LITERAL_CONVERSION = YES;
				CLANG_WARN_OBJC_ROOT_CLASS = YES_ERROR;
				CLANG_WARN_RANGE_LOOP_ANALYSIS = YES;
				CLANG_WARN_STRICT_PROTOTYPES = YES;
				CLANG_WARN_SUSPICIOUS_MOVE = YES;
				CLANG_WARN_UNGUARDED_AVAILABILITY = YES_AGGRESSIVE;
				CLANG_WARN_UNREACHABLE_CODE = YES;
				CLANG_WARN__DUPLICATE_METHOD_MATCH = YES;
				CODE_SIGN_IDENTITY = "iPhone Developer";
				COPY_PHASE_STRIP = NO;
				DEBUG_INFORMATION_FORMAT = dwarf;
				ENABLE_STRICT_OBJC_MSGSEND = YES;
				ENABLE_TESTABILITY = YES;
				GCC_C_LANGUAGE_STANDARD = gnu11;
				GCC_DYNAMIC_NO_PIC = NO;
				GCC_NO_COMMON_BLOCKS = YES;
				GCC_OPTIMIZATION_LEVEL = 0;
				GCC_PREPROCESSOR_DEFINITIONS = (
					"DEBUG=1",
					"$(inherited)",
				);
				GCC_WARN_64_TO_32_BIT_CONVERSION = YES;
				GCC_WARN_ABOUT_RETURN_TYPE = YES_ERROR;
				GCC_WARN_UNDECLARED_SELECTOR = YES;
				GCC_WARN_UNINITIALIZED_AUTOS = YES_AGGRESSIVE;
				GCC_WARN_UNUSED_FUNCTION = YES;
				GCC_WARN_UNUSED_VARIABLE = YES;
				IPHONEOS_DEPLOYMENT_TARGET = 12.1;
				MTL_ENABLE_DEBUG_INFO = INCLUDE_SOURCE;
				MTL_FAST_MATH = YES;
				ONLY_ACTIVE_ARCH = YES;
				SDKROOT = iphoneos;
				SWIFT_ACTIVE_COMPILATION_CONDITIONS = DEBUG;
				SWIFT_OPTIMIZATION_LEVEL = "-Onone";
			};
			name = Debug;
		};
		285DA57F222788F000E2A380 /* Release */ = {
			isa = XCBuildConfiguration;
			buildSettings = {
				ALWAYS_SEARCH_USER_PATHS = NO;
				CLANG_ANALYZER_NONNULL = YES;
				CLANG_ANALYZER_NUMBER_OBJECT_CONVERSION = YES_AGGRESSIVE;
				CLANG_CXX_LANGUAGE_STANDARD = "gnu++14";
				CLANG_CXX_LIBRARY = "libc++";
				CLANG_ENABLE_MODULES = YES;
				CLANG_ENABLE_OBJC_ARC = YES;
				CLANG_ENABLE_OBJC_WEAK = YES;
				CLANG_WARN_BLOCK_CAPTURE_AUTORELEASING = YES;
				CLANG_WARN_BOOL_CONVERSION = YES;
				CLANG_WARN_COMMA = YES;
				CLANG_WARN_CONSTANT_CONVERSION = YES;
				CLANG_WARN_DEPRECATED_OBJC_IMPLEMENTATIONS = YES;
				CLANG_WARN_DIRECT_OBJC_ISA_USAGE = YES_ERROR;
				CLANG_WARN_DOCUMENTATION_COMMENTS = YES;
				CLANG_WARN_EMPTY_BODY = YES;
				CLANG_WARN_ENUM_CONVERSION = YES;
				CLANG_WARN_INFINITE_RECURSION = YES;
				CLANG_WARN_INT_CONVERSION = YES;
				CLANG_WARN_NON_LITERAL_NULL_CONVERSION = YES;
				CLANG_WARN_OBJC_IMPLICIT_RETAIN_SELF = YES;
				CLANG_WARN_OBJC_LITERAL_CONVERSION = YES;
				CLANG_WARN_OBJC_ROOT_CLASS = YES_ERROR;
				CLANG_WARN_RANGE_LOOP_ANALYSIS = YES;
				CLANG_WARN_STRICT_PROTOTYPES = YES;
				CLANG_WARN_SUSPICIOUS_MOVE = YES;
				CLANG_WARN_UNGUARDED_AVAILABILITY = YES_AGGRESSIVE;
				CLANG_WARN_UNREACHABLE_CODE = YES;
				CLANG_WARN__DUPLICATE_METHOD_MATCH = YES;
				CODE_SIGN_IDENTITY = "iPhone Developer";
				COPY_PHASE_STRIP = NO;
				DEBUG_INFORMATION_FORMAT = "dwarf-with-dsym";
				ENABLE_NS_ASSERTIONS = NO;
				ENABLE_STRICT_OBJC_MSGSEND = YES;
				GCC_C_LANGUAGE_STANDARD = gnu11;
				GCC_NO_COMMON_BLOCKS = YES;
				GCC_WARN_64_TO_32_BIT_CONVERSION = YES;
				GCC_WARN_ABOUT_RETURN_TYPE = YES_ERROR;
				GCC_WARN_UNDECLARED_SELECTOR = YES;
				GCC_WARN_UNINITIALIZED_AUTOS = YES_AGGRESSIVE;
				GCC_WARN_UNUSED_FUNCTION = YES;
				GCC_WARN_UNUSED_VARIABLE = YES;
				IPHONEOS_DEPLOYMENT_TARGET = 12.1;
				MTL_ENABLE_DEBUG_INFO = NO;
				MTL_FAST_MATH = YES;
				SDKROOT = iphoneos;
				SWIFT_COMPILATION_MODE = wholemodule;
				SWIFT_OPTIMIZATION_LEVEL = "-O";
				VALIDATE_PRODUCT = YES;
			};
			name = Release;
		};
		285DA581222788F000E2A380 /* Debug */ = {
			isa = XCBuildConfiguration;
			buildSettings = {
				ASSETCATALOG_COMPILER_APPICON_NAME = AppIcon;
				CODE_SIGN_STYLE = Automatic;
				INFOPLIST_FILE = "UI Development for SARS/Info.plist";
				LD_RUNPATH_SEARCH_PATHS = (
					"$(inherited)",
					"@executable_path/Frameworks",
				);
				PRODUCT_BUNDLE_IDENTIFIER = "com.ucla.UI-Development-for-SARS";
				PRODUCT_NAME = "$(TARGET_NAME)";
				SWIFT_VERSION = 4.2;
				TARGETED_DEVICE_FAMILY = "1,2";
			};
			name = Debug;
		};
		285DA582222788F000E2A380 /* Release */ = {
			isa = XCBuildConfiguration;
			buildSettings = {
				ASSETCATALOG_COMPILER_APPICON_NAME = AppIcon;
				CODE_SIGN_STYLE = Automatic;
				INFOPLIST_FILE = "UI Development for SARS/Info.plist";
				LD_RUNPATH_SEARCH_PATHS = (
					"$(inherited)",
					"@executable_path/Frameworks",
				);
				PRODUCT_BUNDLE_IDENTIFIER = "com.ucla.UI-Development-for-SARS";
				PRODUCT_NAME = "$(TARGET_NAME)";
				SWIFT_VERSION = 4.2;
				TARGETED_DEVICE_FAMILY = "1,2";
			};
			name = Release;
		};
/* End XCBuildConfiguration section */

/* Begin XCConfigurationList section */
		285DA569222788EE00E2A380 /* Build configuration list for PBXProject "UI Development for SARS" */ = {
			isa = XCConfigurationList;
			buildConfigurations = (
				285DA57E222788F000E2A380 /* Debug */,
				285DA57F222788F000E2A380 /* Release */,
			);
			defaultConfigurationIsVisible = 0;
			defaultConfigurationName = Release;
		};
		285DA580222788F000E2A380 /* Build configuration list for PBXNativeTarget "UI Development for SARS" */ = {
			isa = XCConfigurationList;
			buildConfigurations = (
				285DA581222788F000E2A380 /* Debug */,
				285DA582222788F000E2A380 /* Release */,
			);
			defaultConfigurationIsVisible = 0;
			defaultConfigurationName = Release;
		};
/* End XCConfigurationList section */
	};
	rootObject = 285DA566222788EE00E2A380 /* Project object */;
}
